<Solution>
  <Folder Name="/.dev-tools/">
    <File Path="Directory.Packages.props" />
    <File Path="README.md" />
  </Folder>
  <Folder Name="/.dev-tools/github/">
    <File Path=".github/dependabot.yml" />
    <File Path=".github/workflows/publishGithubPages.yml" />
    <File Path=".github/workflows/lib_testing.yml" />
    <File Path=".github/workflows/onPullRequestTests.yml" />
    <File Path=".github/workflows/rollbackGithubPages.yml" />
  </Folder>
  <Folder Name="/src/">
    <Project Path="src/DirectiveAthenaWeb.Components/DirectiveAthenaWeb.Components.csproj" />
    <Project Path="src/DirectiveAthenaWeb.DevServer/DirectiveAthenaWeb.DevServer.csproj" />
    <Project Path="src/DirectiveAthenaWeb.Services.Js/DirectiveAthenaWeb.Services.Js.csproj" />
    <Project Path="src/DirectiveAthenaWeb.Services.Localization/DirectiveAthenaWeb.Services.Localization.csproj" />
    <Project Path="src/DirectiveAthenaWeb.Services/DirectiveAthenaWeb.Services.csproj" />
    <Project Path="src/DirectiveAthenaWeb.Shared/DirectiveAthenaWeb.Shared.csproj" />
    <Project Path="src/DirectiveAthenaWeb/DirectiveAthenaWeb.csproj" />
  </Folder>
  <Folder Name="/tests/">
    <Project Path="tests/DirectiveAthenaWebTests/DirectiveAthenaWebTests.csproj" />
  </Folder>
</Solution>
