<Solution>
    <Folder Name="/.dev-tools/">
        <File Path="Directory.Packages.props" />
        <File Path="README.md" />
        <Project Path="src/DirectiveAthenaWeb.DevServer/DirectiveAthenaWeb.DevServer.csproj" />
    </Folder>
    <Folder Name="/.dev-tools/github/">
        <File Path=".github/dependabot.yml" />
        <File Path=".github/workflows/publishGithubPages.yml" />
        <File Path=".github/workflows/lib_testing.yml" />
        <File Path=".github/workflows/onPullRequestTests.yml" />
        <File Path=".github/workflows/rollbackGithubPages.yml" />
    </Folder>
    <Folder Name="/.dev-tools/slnf/">
        <File Path="DirectiveAthenaWeb.GithubPages.slnf" />
    </Folder>
    <Folder Name="/src/">
        <Project Path="src/DirectiveAthenaWeb.Client/DirectiveAthenaWeb.Client.csproj" />
        <Project Path="src/DirectiveAthenaWeb.Components/DirectiveAthenaWeb.Components.csproj" />
        <Project Path="src/DirectiveAthenaWeb.Shared/DirectiveAthenaWeb.Shared.csproj" />
    </Folder>
    <Folder Name="/src/content/">
        <Project Path="src/DirectiveAthenaWeb.Content.Faq/DirectiveAthenaWeb.Content.Faq.csproj" />
        <Project Path="src/DirectiveAthenaWeb.Content.Note/DirectiveAthenaWeb.Content.Note.csproj" />
        <Project Path="src/DirectiveAthenaWeb.Content.Story/DirectiveAthenaWeb.Content.Story.csproj" />
    </Folder>
    <Folder Name="/src/services/">
        <Project Path="src/DirectiveAthenaWeb.Services.Contact/DirectiveAthenaWeb.Services.Contact.csproj" />
        <Project Path="src/DirectiveAthenaWeb.Services.Content/DirectiveAthenaWeb.Services.Content.csproj" />
        <Project Path="src/DirectiveAthenaWeb.Services.Js/DirectiveAthenaWeb.Services.Js.csproj" />
        <Project Path="src/DirectiveAthenaWeb.Services.Localization/DirectiveAthenaWeb.Services.Localization.csproj" />
        <Project Path="src/DirectiveAthenaWeb.Services/DirectiveAthenaWeb.Services.csproj" />
    </Folder>
    <Folder Name="/tests/">
        <Project Path="tests/DirectiveAthenaWebTests.Content.Faq/DirectiveAthenaWebTests.Content.Faq.csproj" />
        <Project Path="tests/DirectiveAthenaWebTests.Content.Writing/DirectiveAthenaWebTests.Content.Writing.csproj" />
        <Project Path="tests/DirectiveAthenaWebTests/DirectiveAthenaWebTests.csproj" />
    </Folder>
</Solution>
