<Solution>
  <Folder Name="/.dev-tools/">
    <File Path="Directory.Packages.props" />
    <File Path="README.md" />
  </Folder>
  <Folder Name="/.dev-tools/github/">
    <File Path=".github/dependabot.yml" />
    <File Path=".github/workflows/publishGithubPages.yml" />
  </Folder>
  <Folder Name="/src/">
    <Project Path="src/DirectiveAthena.Website.Shared/DirectiveAthena.Website.Shared.csproj" />
    <Project Path="src/DirectiveAthena.Website/DirectiveAthena.Website.csproj" />
  </Folder>
  <Folder Name="/tests/">
    <Project Path="tests/DirectiveAthenaTests.Website/DirectiveAthenaTests.Website.csproj" />
  </Folder>
</Solution>
